
Microsoft Visual Studio Solution File, Format Version 12.00
# Visual Studio 15
VisualStudioVersion = 15.0.28010.2048
MinimumVisualStudioVersion = 10.0.40219.1
Project("{FAE04EC0-301F-11D3-BF4B-00C04F79EFBC}") = "IConta", "IConta\IConta.csproj", "{83374EF5-ED5F-462C-973D-645E4360B91E}"
EndProject
Global
	GlobalSection(SolutionConfigurationPlatforms) = preSolution
		Debug|Any CPU = Debug|Any CPU
		Release|Any CPU = Release|Any CPU
	EndGlobalSection
	GlobalSection(ProjectConfigurationPlatforms) = postSolution
		{83374EF5-ED5F-462C-973D-645E4360B91E}.Debug|Any CPU.ActiveCfg = Debug|Any CPU
		{83374EF5-ED5F-462C-973D-645E4360B91E}.Debug|Any CPU.Build.0 = Debug|Any CPU
		{83374EF5-ED5F-462C-973D-645E4360B91E}.Release|Any CPU.ActiveCfg = Release|Any CPU
		{83374EF5-ED5F-462C-973D-645E4360B91E}.Release|Any CPU.Build.0 = Release|Any CPU
	EndGlobalSection
	GlobalSection(SolutionProperties) = preSolution
		HideSolutionNode = FALSE
	EndGlobalSection
	GlobalSection(ExtensibilityGlobals) = postSolution
		SolutionGuid = {C9CC0F6A-2B41-4514-A707-26490F8CCCF9}
	EndGlobalSection
EndGlobal
